{
  "name": "github-to-ide-host",
  "version": "1.0.0",
  "lockfileVersion": 3,
  "requires": true,
  "packages": {
    "": {
      "name": "github-to-ide-host",
      "version": "1.0.0",
      "license": "MIT",
      "bin": {
        "gh2ide": "cli.js"
      },
      "engines": {
        "node": ">=16.0.0"
      }
    }
  }
}
